
Microsoft Visual Studio Solution File, Format Version 12.00
# Visual Studio Version 17
VisualStudioVersion = 17.3.32901.215
MinimumVisualStudioVersion = 10.0.40219.1
Project("{FAE04EC0-301F-11D3-BF4B-00C04F79EFBC}") = "DemoWeb", "DemoWeb.csproj", "{2025406B-E233-456F-97B7-E4113AF2ED7E}"
EndProject
Global
	GlobalSection(SolutionConfigurationPlatforms) = preSolution
		Debug|Any CPU = Debug|Any CPU
		Release|Any CPU = Release|Any CPU
	EndGlobalSection
	GlobalSection(ProjectConfigurationPlatforms) = postSolution
		{2025406B-E233-456F-97B7-E4113AF2ED7E}.Debug|Any CPU.ActiveCfg = Debug|Any CPU
		{2025406B-E233-456F-97B7-E4113AF2ED7E}.Debug|Any CPU.Build.0 = Debug|Any CPU
		{2025406B-E233-456F-97B7-E4113AF2ED7E}.Release|Any CPU.ActiveCfg = Release|Any CPU
		{2025406B-E233-456F-97B7-E4113AF2ED7E}.Release|Any CPU.Build.0 = Release|Any CPU
	EndGlobalSection
	GlobalSection(SolutionProperties) = preSolution
		HideSolutionNode = FALSE
	EndGlobalSection
	GlobalSection(ExtensibilityGlobals) = postSolution
		SolutionGuid = {8978F0C0-11D3-4EDE-B39A-91D936E71DEA}
	EndGlobalSection
EndGlobal
